
Microsoft Visual Studio Solution File, Format Version 12.00
# Visual Studio Version 17
VisualStudioVersion = 17.0.31903.59
MinimumVisualStudioVersion = 10.0.40219.1
Project("{2150E333-8FDC-42A3-9474-1A3956D46DE8}") = "src", "src", "{827E0CD3-B72D-47B6-A68D-7590B98EB39B}"
EndProject
Project("{FAE04EC0-301F-11D3-BF4B-00C04F79EFBC}") = "CrystariumBoutique.Core", "src\CrystariumBoutique.Core\CrystariumBoutique.Core.csproj", "{03FDC360-9A19-4509-8E75-F5099C23E019}"
EndProject
Project("{FAE04EC0-301F-11D3-BF4B-00C04F79EFBC}") = "CrystariumBoutique", "src\CrystariumBoutique\CrystariumBoutique.csproj", "{0926CFF3-5355-4D32-8156-8AF910464AC8}"
EndProject
Project("{2150E333-8FDC-42A3-9474-1A3956D46DE8}") = "tools", "tools", "{EAD92F12-2E78-4D23-90F0-5D4A05B93717}"
EndProject
Project("{FAE04EC0-301F-11D3-BF4B-00C04F79EFBC}") = "CrystariumBoutique.AcquisitionGenerator", "tools\CrystariumBoutique.AcquisitionGenerator\CrystariumBoutique.AcquisitionGenerator.csproj", "{786D421C-C1A0-48D2-969D-D0DAFC30A4E2}"
EndProject
Project("{2150E333-8FDC-42A3-9474-1A3956D46DE8}") = "tests", "tests", "{0AB3BF05-4346-4AA6-1389-037BE0695223}"
EndProject
Project("{FAE04EC0-301F-11D3-BF4B-00C04F79EFBC}") = "CrystariumBoutique.Core.Tests", "tests\CrystariumBoutique.Core.Tests\CrystariumBoutique.Core.Tests.csproj", "{1DB1BDB6-B654-4E63-A260-3BD175D566FC}"
EndProject
Project("{FAE04EC0-301F-11D3-BF4B-00C04F79EFBC}") = "CrystariumBoutique.Plugin.Tests", "tests\CrystariumBoutique.Plugin.Tests\CrystariumBoutique.Plugin.Tests.csproj", "{882FA9C0-689A-407A-A143-7F8984388BF8}"
EndProject
Global
	GlobalSection(SolutionConfigurationPlatforms) = preSolution
		Debug|Any CPU = Debug|Any CPU
		Debug|x64 = Debug|x64
		Debug|x86 = Debug|x86
		Release|Any CPU = Release|Any CPU
		Release|x64 = Release|x64
		Release|x86 = Release|x86
	EndGlobalSection
	GlobalSection(ProjectConfigurationPlatforms) = postSolution
		{03FDC360-9A19-4509-8E75-F5099C23E019}.Debug|Any CPU.ActiveCfg = Debug|Any CPU
		{03FDC360-9A19-4509-8E75-F5099C23E019}.Debug|Any CPU.Build.0 = Debug|Any CPU
		{03FDC360-9A19-4509-8E75-F5099C23E019}.Debug|x64.ActiveCfg = Debug|Any CPU
		{03FDC360-9A19-4509-8E75-F5099C23E019}.Debug|x64.Build.0 = Debug|Any CPU
		{03FDC360-9A19-4509-8E75-F5099C23E019}.Debug|x86.ActiveCfg = Debug|Any CPU
		{03FDC360-9A19-4509-8E75-F5099C23E019}.Debug|x86.Build.0 = Debug|Any CPU
		{03FDC360-9A19-4509-8E75-F5099C23E019}.Release|Any CPU.ActiveCfg = Release|Any CPU
		{03FDC360-9A19-4509-8E75-F5099C23E019}.Release|Any CPU.Build.0 = Release|Any CPU
		{03FDC360-9A19-4509-8E75-F5099C23E019}.Release|x64.ActiveCfg = Release|Any CPU
		{03FDC360-9A19-4509-8E75-F5099C23E019}.Release|x64.Build.0 = Release|Any CPU
		{03FDC360-9A19-4509-8E75-F5099C23E019}.Release|x86.ActiveCfg = Release|Any CPU
		{03FDC360-9A19-4509-8E75-F5099C23E019}.Release|x86.Build.0 = Release|Any CPU
		{0926CFF3-5355-4D32-8156-8AF910464AC8}.Debug|Any CPU.ActiveCfg = Debug|x64
		{0926CFF3-5355-4D32-8156-8AF910464AC8}.Debug|Any CPU.Build.0 = Debug|x64
		{0926CFF3-5355-4D32-8156-8AF910464AC8}.Debug|x64.ActiveCfg = Debug|x64
		{0926CFF3-5355-4D32-8156-8AF910464AC8}.Debug|x64.Build.0 = Debug|x64
		{0926CFF3-5355-4D32-8156-8AF910464AC8}.Debug|x86.ActiveCfg = Debug|x64
		{0926CFF3-5355-4D32-8156-8AF910464AC8}.Debug|x86.Build.0 = Debug|x64
		{0926CFF3-5355-4D32-8156-8AF910464AC8}.Release|Any CPU.ActiveCfg = Release|x64
		{0926CFF3-5355-4D32-8156-8AF910464AC8}.Release|Any CPU.Build.0 = Release|x64
		{0926CFF3-5355-4D32-8156-8AF910464AC8}.Release|x64.ActiveCfg = Release|x64
		{0926CFF3-5355-4D32-8156-8AF910464AC8}.Release|x64.Build.0 = Release|x64
		{0926CFF3-5355-4D32-8156-8AF910464AC8}.Release|x86.ActiveCfg = Release|x64
		{0926CFF3-5355-4D32-8156-8AF910464AC8}.Release|x86.Build.0 = Release|x64
		{786D421C-C1A0-48D2-969D-D0DAFC30A4E2}.Debug|Any CPU.ActiveCfg = Debug|Any CPU
		{786D421C-C1A0-48D2-969D-D0DAFC30A4E2}.Debug|Any CPU.Build.0 = Debug|Any CPU
		{786D421C-C1A0-48D2-969D-D0DAFC30A4E2}.Debug|x64.ActiveCfg = Debug|Any CPU
		{786D421C-C1A0-48D2-969D-D0DAFC30A4E2}.Debug|x64.Build.0 = Debug|Any CPU
		{786D421C-C1A0-48D2-969D-D0DAFC30A4E2}.Debug|x86.ActiveCfg = Debug|Any CPU
		{786D421C-C1A0-48D2-969D-D0DAFC30A4E2}.Debug|x86.Build.0 = Debug|Any CPU
		{786D421C-C1A0-48D2-969D-D0DAFC30A4E2}.Release|Any CPU.ActiveCfg = Release|Any CPU
		{786D421C-C1A0-48D2-969D-D0DAFC30A4E2}.Release|Any CPU.Build.0 = Release|Any CPU
		{786D421C-C1A0-48D2-969D-D0DAFC30A4E2}.Release|x64.ActiveCfg = Release|Any CPU
		{786D421C-C1A0-48D2-969D-D0DAFC30A4E2}.Release|x64.Build.0 = Release|Any CPU
		{786D421C-C1A0-48D2-969D-D0DAFC30A4E2}.Release|x86.ActiveCfg = Release|Any CPU
		{786D421C-C1A0-48D2-969D-D0DAFC30A4E2}.Release|x86.Build.0 = Release|Any CPU
		{1DB1BDB6-B654-4E63-A260-3BD175D566FC}.Debug|Any CPU.ActiveCfg = Debug|Any CPU
		{1DB1BDB6-B654-4E63-A260-3BD175D566FC}.Debug|Any CPU.Build.0 = Debug|Any CPU
		{1DB1BDB6-B654-4E63-A260-3BD175D566FC}.Debug|x64.ActiveCfg = Debug|Any CPU
		{1DB1BDB6-B654-4E63-A260-3BD175D566FC}.Debug|x64.Build.0 = Debug|Any CPU
		{1DB1BDB6-B654-4E63-A260-3BD175D566FC}.Debug|x86.ActiveCfg = Debug|Any CPU
		{1DB1BDB6-B654-4E63-A260-3BD175D566FC}.Debug|x86.Build.0 = Debug|Any CPU
		{1DB1BDB6-B654-4E63-A260-3BD175D566FC}.Release|Any CPU.ActiveCfg = Release|Any CPU
		{1DB1BDB6-B654-4E63-A260-3BD175D566FC}.Release|Any CPU.Build.0 = Release|Any CPU
		{1DB1BDB6-B654-4E63-A260-3BD175D566FC}.Release|x64.ActiveCfg = Release|Any CPU
		{1DB1BDB6-B654-4E63-A260-3BD175D566FC}.Release|x64.Build.0 = Release|Any CPU
		{1DB1BDB6-B654-4E63-A260-3BD175D566FC}.Release|x86.ActiveCfg = Release|Any CPU
		{1DB1BDB6-B654-4E63-A260-3BD175D566FC}.Release|x86.Build.0 = Release|Any CPU
		{882FA9C0-689A-407A-A143-7F8984388BF8}.Debug|Any CPU.ActiveCfg = Debug|Any CPU
		{882FA9C0-689A-407A-A143-7F8984388BF8}.Debug|Any CPU.Build.0 = Debug|Any CPU
		{882FA9C0-689A-407A-A143-7F8984388BF8}.Debug|x64.ActiveCfg = Debug|x64
		{882FA9C0-689A-407A-A143-7F8984388BF8}.Debug|x64.Build.0 = Debug|x64
		{882FA9C0-689A-407A-A143-7F8984388BF8}.Debug|x86.ActiveCfg = Debug|Any CPU
		{882FA9C0-689A-407A-A143-7F8984388BF8}.Debug|x86.Build.0 = Debug|Any CPU
		{882FA9C0-689A-407A-A143-7F8984388BF8}.Release|Any CPU.ActiveCfg = Release|Any CPU
		{882FA9C0-689A-407A-A143-7F8984388BF8}.Release|Any CPU.Build.0 = Release|Any CPU
		{882FA9C0-689A-407A-A143-7F8984388BF8}.Release|x64.ActiveCfg = Release|x64
		{882FA9C0-689A-407A-A143-7F8984388BF8}.Release|x64.Build.0 = Release|x64
		{882FA9C0-689A-407A-A143-7F8984388BF8}.Release|x86.ActiveCfg = Release|Any CPU
		{882FA9C0-689A-407A-A143-7F8984388BF8}.Release|x86.Build.0 = Release|Any CPU
	EndGlobalSection
	GlobalSection(SolutionProperties) = preSolution
		HideSolutionNode = FALSE
	EndGlobalSection
	GlobalSection(NestedProjects) = preSolution
		{03FDC360-9A19-4509-8E75-F5099C23E019} = {827E0CD3-B72D-47B6-A68D-7590B98EB39B}
		{0926CFF3-5355-4D32-8156-8AF910464AC8} = {827E0CD3-B72D-47B6-A68D-7590B98EB39B}
		{786D421C-C1A0-48D2-969D-D0DAFC30A4E2} = {EAD92F12-2E78-4D23-90F0-5D4A05B93717}
		{1DB1BDB6-B654-4E63-A260-3BD175D566FC} = {0AB3BF05-4346-4AA6-1389-037BE0695223}
		{882FA9C0-689A-407A-A143-7F8984388BF8} = {0AB3BF05-4346-4AA6-1389-037BE0695223}
	EndGlobalSection
EndGlobal
